
Microsoft Visual Studio Solution File, Format Version 12.00
# Visual Studio Version 16
VisualStudioVersion = 16.0.30114.105
MinimumVisualStudioVersion = 10.0.40219.1
Project("{2150E333-8FDC-42A3-9474-1A3956D46DE8}") = "src", "src", "{0905958D-1554-4B4F-9702-AA2B0D8D391D}"
EndProject
Project("{FAE04EC0-301F-11D3-BF4B-00C04F79EFBC}") = "Cashman.BLL", "src\Cashman.BLL\Cashman.BLL.csproj", "{8E9CBD62-D312-46CE-BBBC-7D3219B3993B}"
EndProject
Project("{FAE04EC0-301F-11D3-BF4B-00C04F79EFBC}") = "Cashman.DAL", "src\Cashman.DAL\Cashman.DAL.csproj", "{0EEFB0BE-9242-45F2-944B-9A28E69726E8}"
EndProject
Global
	GlobalSection(SolutionConfigurationPlatforms) = preSolution
		Debug|Any CPU = Debug|Any CPU
		Debug|x64 = Debug|x64
		Debug|x86 = Debug|x86
		Release|Any CPU = Release|Any CPU
		Release|x64 = Release|x64
		Release|x86 = Release|x86
	EndGlobalSection
	GlobalSection(SolutionProperties) = preSolution
		HideSolutionNode = FALSE
	EndGlobalSection
	GlobalSection(ProjectConfigurationPlatforms) = postSolution
		{8E9CBD62-D312-46CE-BBBC-7D3219B3993B}.Debug|Any CPU.ActiveCfg = Debug|Any CPU
		{8E9CBD62-D312-46CE-BBBC-7D3219B3993B}.Debug|Any CPU.Build.0 = Debug|Any CPU
		{8E9CBD62-D312-46CE-BBBC-7D3219B3993B}.Debug|x64.ActiveCfg = Debug|Any CPU
		{8E9CBD62-D312-46CE-BBBC-7D3219B3993B}.Debug|x64.Build.0 = Debug|Any CPU
		{8E9CBD62-D312-46CE-BBBC-7D3219B3993B}.Debug|x86.ActiveCfg = Debug|Any CPU
		{8E9CBD62-D312-46CE-BBBC-7D3219B3993B}.Debug|x86.Build.0 = Debug|Any CPU
		{8E9CBD62-D312-46CE-BBBC-7D3219B3993B}.Release|Any CPU.ActiveCfg = Release|Any CPU
		{8E9CBD62-D312-46CE-BBBC-7D3219B3993B}.Release|Any CPU.Build.0 = Release|Any CPU
		{8E9CBD62-D312-46CE-BBBC-7D3219B3993B}.Release|x64.ActiveCfg = Release|Any CPU
		{8E9CBD62-D312-46CE-BBBC-7D3219B3993B}.Release|x64.Build.0 = Release|Any CPU
		{8E9CBD62-D312-46CE-BBBC-7D3219B3993B}.Release|x86.ActiveCfg = Release|Any CPU
		{8E9CBD62-D312-46CE-BBBC-7D3219B3993B}.Release|x86.Build.0 = Release|Any CPU
		{0EEFB0BE-9242-45F2-944B-9A28E69726E8}.Debug|Any CPU.ActiveCfg = Debug|Any CPU
		{0EEFB0BE-9242-45F2-944B-9A28E69726E8}.Debug|Any CPU.Build.0 = Debug|Any CPU
		{0EEFB0BE-9242-45F2-944B-9A28E69726E8}.Debug|x64.ActiveCfg = Debug|Any CPU
		{0EEFB0BE-9242-45F2-944B-9A28E69726E8}.Debug|x64.Build.0 = Debug|Any CPU
		{0EEFB0BE-9242-45F2-944B-9A28E69726E8}.Debug|x86.ActiveCfg = Debug|Any CPU
		{0EEFB0BE-9242-45F2-944B-9A28E69726E8}.Debug|x86.Build.0 = Debug|Any CPU
		{0EEFB0BE-9242-45F2-944B-9A28E69726E8}.Release|Any CPU.ActiveCfg = Release|Any CPU
		{0EEFB0BE-9242-45F2-944B-9A28E69726E8}.Release|Any CPU.Build.0 = Release|Any CPU
		{0EEFB0BE-9242-45F2-944B-9A28E69726E8}.Release|x64.ActiveCfg = Release|Any CPU
		{0EEFB0BE-9242-45F2-944B-9A28E69726E8}.Release|x64.Build.0 = Release|Any CPU
		{0EEFB0BE-9242-45F2-944B-9A28E69726E8}.Release|x86.ActiveCfg = Release|Any CPU
		{0EEFB0BE-9242-45F2-944B-9A28E69726E8}.Release|x86.Build.0 = Release|Any CPU
	EndGlobalSection
	GlobalSection(NestedProjects) = preSolution
		{8E9CBD62-D312-46CE-BBBC-7D3219B3993B} = {0905958D-1554-4B4F-9702-AA2B0D8D391D}
		{0EEFB0BE-9242-45F2-944B-9A28E69726E8} = {0905958D-1554-4B4F-9702-AA2B0D8D391D}
	EndGlobalSection
EndGlobal
